
Microsoft Visual Studio Solution File, Format Version 12.00
# Visual Studio Version 17
VisualStudioVersion = 17.2.32630.192
MinimumVisualStudioVersion = 10.0.40219.1
Project("{9A19103F-16F7-4668-BE54-9A1E7A4F7556}") = "XkcdConsole", "XkcdConsole\XkcdConsole.csproj", "{A780F5BA-6FF4-4061-B969-5E99B59DE09B}"
EndProject
Project("{9A19103F-16F7-4668-BE54-9A1E7A4F7556}") = "XkcdMVC", "XkcdMVC\XkcdMVC.csproj", "{E85C8BD0-61D2-4FDC-9A14-B5D57299FD50}"
EndProject
Project("{9A19103F-16F7-4668-BE54-9A1E7A4F7556}") = "Lab 11.1 DeckOfCardsAPI", "Lab 11.1 DeckOfCardsAPI\Lab 11.1 DeckOfCardsAPI.csproj", "{363B2898-CDFC-4868-95B7-D64777BD1561}"
EndProject
Project("{9A19103F-16F7-4668-BE54-9A1E7A4F7556}") = "PokerGame", "PokerGame\PokerGame.csproj", "{0A908746-440D-4B45-8951-F849B4316F32}"
EndProject
Project("{FAE04EC0-301F-11D3-BF4B-00C04F79EFBC}") = "Lab 11.2 StarWars", "Lab 11.2 StarWars\Lab 11.2 StarWars.csproj", "{6C911E3B-2D75-4826-BD4B-6A7191CD9D4B}"
EndProject
Global
	GlobalSection(SolutionConfigurationPlatforms) = preSolution
		Debug|Any CPU = Debug|Any CPU
		Release|Any CPU = Release|Any CPU
	EndGlobalSection
	GlobalSection(ProjectConfigurationPlatforms) = postSolution
		{A780F5BA-6FF4-4061-B969-5E99B59DE09B}.Debug|Any CPU.ActiveCfg = Debug|Any CPU
		{A780F5BA-6FF4-4061-B969-5E99B59DE09B}.Debug|Any CPU.Build.0 = Debug|Any CPU
		{A780F5BA-6FF4-4061-B969-5E99B59DE09B}.Release|Any CPU.ActiveCfg = Release|Any CPU
		{A780F5BA-6FF4-4061-B969-5E99B59DE09B}.Release|Any CPU.Build.0 = Release|Any CPU
		{E85C8BD0-61D2-4FDC-9A14-B5D57299FD50}.Debug|Any CPU.ActiveCfg = Debug|Any CPU
		{E85C8BD0-61D2-4FDC-9A14-B5D57299FD50}.Debug|Any CPU.Build.0 = Debug|Any CPU
		{E85C8BD0-61D2-4FDC-9A14-B5D57299FD50}.Release|Any CPU.ActiveCfg = Release|Any CPU
		{E85C8BD0-61D2-4FDC-9A14-B5D57299FD50}.Release|Any CPU.Build.0 = Release|Any CPU
		{363B2898-CDFC-4868-95B7-D64777BD1561}.Debug|Any CPU.ActiveCfg = Debug|Any CPU
		{363B2898-CDFC-4868-95B7-D64777BD1561}.Debug|Any CPU.Build.0 = Debug|Any CPU
		{363B2898-CDFC-4868-95B7-D64777BD1561}.Release|Any CPU.ActiveCfg = Release|Any CPU
		{363B2898-CDFC-4868-95B7-D64777BD1561}.Release|Any CPU.Build.0 = Release|Any CPU
		{0A908746-440D-4B45-8951-F849B4316F32}.Debug|Any CPU.ActiveCfg = Debug|Any CPU
		{0A908746-440D-4B45-8951-F849B4316F32}.Debug|Any CPU.Build.0 = Debug|Any CPU
		{0A908746-440D-4B45-8951-F849B4316F32}.Release|Any CPU.ActiveCfg = Release|Any CPU
		{0A908746-440D-4B45-8951-F849B4316F32}.Release|Any CPU.Build.0 = Release|Any CPU
		{6C911E3B-2D75-4826-BD4B-6A7191CD9D4B}.Debug|Any CPU.ActiveCfg = Debug|Any CPU
		{6C911E3B-2D75-4826-BD4B-6A7191CD9D4B}.Debug|Any CPU.Build.0 = Debug|Any CPU
		{6C911E3B-2D75-4826-BD4B-6A7191CD9D4B}.Release|Any CPU.ActiveCfg = Release|Any CPU
		{6C911E3B-2D75-4826-BD4B-6A7191CD9D4B}.Release|Any CPU.Build.0 = Release|Any CPU
	EndGlobalSection
	GlobalSection(SolutionProperties) = preSolution
		HideSolutionNode = FALSE
	EndGlobalSection
	GlobalSection(ExtensibilityGlobals) = postSolution
		SolutionGuid = {84231D4B-DC12-420D-B0DE-FE7427413241}
	EndGlobalSection
EndGlobal
